
Microsoft Visual Studio Solution File, Format Version 12.00
# Visual Studio Version 16
VisualStudioVersion = 16.0.31702.278
MinimumVisualStudioVersion = 10.0.40219.1
Project("{FAE04EC0-301F-11D3-BF4B-00C04F79EFBC}") = "AlinSpace.CodeWriter", "AlinSpace.CodeWriter.csproj", "{5ADBA837-FA36-49B3-AF45-8472817E489D}"
EndProject
Project("{FAE04EC0-301F-11D3-BF4B-00C04F79EFBC}") = "AlinSpace.CodeWriter.Tests", "..\AlinSpace.CodeWriter.Tests\AlinSpace.CodeWriter.Tests.csproj", "{2638F2DA-0F9E-47C5-A4AD-82E0AB554982}"
EndProject
Global
	GlobalSection(SolutionConfigurationPlatforms) = preSolution
		Debug|Any CPU = Debug|Any CPU
		Release|Any CPU = Release|Any CPU
	EndGlobalSection
	GlobalSection(ProjectConfigurationPlatforms) = postSolution
		{5ADBA837-FA36-49B3-AF45-8472817E489D}.Debug|Any CPU.ActiveCfg = Debug|Any CPU
		{5ADBA837-FA36-49B3-AF45-8472817E489D}.Debug|Any CPU.Build.0 = Debug|Any CPU
		{5ADBA837-FA36-49B3-AF45-8472817E489D}.Release|Any CPU.ActiveCfg = Release|Any CPU
		{5ADBA837-FA36-49B3-AF45-8472817E489D}.Release|Any CPU.Build.0 = Release|Any CPU
		{2638F2DA-0F9E-47C5-A4AD-82E0AB554982}.Debug|Any CPU.ActiveCfg = Debug|Any CPU
		{2638F2DA-0F9E-47C5-A4AD-82E0AB554982}.Debug|Any CPU.Build.0 = Debug|Any CPU
		{2638F2DA-0F9E-47C5-A4AD-82E0AB554982}.Release|Any CPU.ActiveCfg = Release|Any CPU
		{2638F2DA-0F9E-47C5-A4AD-82E0AB554982}.Release|Any CPU.Build.0 = Release|Any CPU
	EndGlobalSection
	GlobalSection(SolutionProperties) = preSolution
		HideSolutionNode = FALSE
	EndGlobalSection
	GlobalSection(ExtensibilityGlobals) = postSolution
		SolutionGuid = {2086EA6C-4DCF-45DB-A22C-5FFF593CB078}
	EndGlobalSection
EndGlobal
